
Microsoft Visual Studio Solution File, Format Version 12.00
# Visual Studio Version 17
VisualStudioVersion = 17.13.35931.197
MinimumVisualStudioVersion = 10.0.40219.1
Project("{FAE04EC0-301F-11D3-BF4B-00C04F79EFBC}") = "SpamDetector", "SpamDetector\SpamDetector.csproj", "{33CC20D0-91A8-45A6-81E4-EE6373A152DD}"
EndProject
Project("{FAE04EC0-301F-11D3-BF4B-00C04F79EFBC}") = "MLSpamDetectModel_ConsoleApp1", "MLSpamDetectModel_ConsoleApp1\MLSpamDetectModel_ConsoleApp1.csproj", "{F9114491-945B-9A34-E918-F0326E129091}"
EndProject
Global
	GlobalSection(SolutionConfigurationPlatforms) = preSolution
		Debug|Any CPU = Debug|Any CPU
		Release|Any CPU = Release|Any CPU
	EndGlobalSection
	GlobalSection(ProjectConfigurationPlatforms) = postSolution
		{33CC20D0-91A8-45A6-81E4-EE6373A152DD}.Debug|Any CPU.ActiveCfg = Debug|Any CPU
		{33CC20D0-91A8-45A6-81E4-EE6373A152DD}.Debug|Any CPU.Build.0 = Debug|Any CPU
		{33CC20D0-91A8-45A6-81E4-EE6373A152DD}.Release|Any CPU.ActiveCfg = Release|Any CPU
		{33CC20D0-91A8-45A6-81E4-EE6373A152DD}.Release|Any CPU.Build.0 = Release|Any CPU
		{F9114491-945B-9A34-E918-F0326E129091}.Debug|Any CPU.ActiveCfg = Debug|Any CPU
		{F9114491-945B-9A34-E918-F0326E129091}.Debug|Any CPU.Build.0 = Debug|Any CPU
		{F9114491-945B-9A34-E918-F0326E129091}.Release|Any CPU.ActiveCfg = Release|Any CPU
		{F9114491-945B-9A34-E918-F0326E129091}.Release|Any CPU.Build.0 = Release|Any CPU
	EndGlobalSection
	GlobalSection(SolutionProperties) = preSolution
		HideSolutionNode = FALSE
	EndGlobalSection
	GlobalSection(ExtensibilityGlobals) = postSolution
		SolutionGuid = {D5D334C1-C72E-40AA-9ECA-575BA59FCB9E}
	EndGlobalSection
EndGlobal
